schema: '2.0'
stages:
  load_data:
    cmd: python src/load_data.py --config=params.yaml
    deps:
    - path: data_given/auto-mpg.csv
      md5: abc5826ee9c1e7e40298e8c485d7c078
      size: 18131
    - path: src/get_data.py
      md5: 7c06103ce707965470e409d6f19c22ba
      size: 825
    - path: src/load_data.py
      md5: 8d0cd8fb317f1840753f11d637eaae51
      size: 778
    outs:
    - path: data/raw/auto-mpg.csv
      md5: 3492db3fe29f9d2a2cccc563b65ea719
      size: 19284
  split_data:
    cmd: python src/split_data.py --config=params.yaml
    deps:
    - path: data/raw/auto-mpg.csv
      md5: 3492db3fe29f9d2a2cccc563b65ea719
      size: 19284
    - path: src/split_data.py
      md5: 468105a914f961d114a0ec9441ffcb35
      size: 1524
    outs:
    - path: data/processed/test_auto-mpg.csv
      md5: 9bdd6ef91be65fc64f72dd77b7663d7b
      size: 2542
    - path: data/processed/train_auto-mpg.csv
      md5: c9686bc768cad2042a6399a5074146a5
      size: 9827
  train_and_evaluate:
    cmd: python src/train_and_evaluate.py --config=params.yaml
    deps:
    - path: data/processed/test_auto-mpg.csv
      md5: 9bdd6ef91be65fc64f72dd77b7663d7b
      size: 2542
    - path: data/processed/train_auto-mpg.csv
      md5: c9686bc768cad2042a6399a5074146a5
      size: 9827
    - path: src/train_and_evaluate.py
      md5: c8c21d1d2baacbd5397c7c8773d01067
      size: 2733
    params:
      params.yaml:
        estimators.ElasticNet.params.alpha: 0.88
        estimators.ElasticNet.params.l1_ratio: 0.79
    outs:
    - path: report/params.json
      md5: c95c7369211b86805ac47e4c661a03de
      size: 43
    - path: report/scores.json
      md5: 402a76de9f70c75d2ba29ae56ba3bd31
      size: 94
    - path: saved_models/model.joblib
      md5: 32852e2229bff1cc29d49f96076b9c5e
      size: 1167
